
Microsoft Visual Studio Solution File, Format Version 12.00
# Visual Studio 15
VisualStudioVersion = 15.0.27130.2036
MinimumVisualStudioVersion = 10.0.40219.1
Project("{FAE04EC0-301F-11D3-BF4B-00C04F79EFBC}") = "FourmClient", "FourmClient\FourmClient.csproj", "{A3892566-C124-4056-B7E6-522F80114EB8}"
EndProject
Global
	GlobalSection(SolutionConfigurationPlatforms) = preSolution
		Debug|Any CPU = Debug|Any CPU
		Release|Any CPU = Release|Any CPU
	EndGlobalSection
	GlobalSection(ProjectConfigurationPlatforms) = postSolution
		{A3892566-C124-4056-B7E6-522F80114EB8}.Debug|Any CPU.ActiveCfg = Debug|Any CPU
		{A3892566-C124-4056-B7E6-522F80114EB8}.Debug|Any CPU.Build.0 = Debug|Any CPU
		{A3892566-C124-4056-B7E6-522F80114EB8}.Release|Any CPU.ActiveCfg = Release|Any CPU
		{A3892566-C124-4056-B7E6-522F80114EB8}.Release|Any CPU.Build.0 = Release|Any CPU
	EndGlobalSection
	GlobalSection(SolutionProperties) = preSolution
		HideSolutionNode = FALSE
	EndGlobalSection
	GlobalSection(ExtensibilityGlobals) = postSolution
		SolutionGuid = {0AD33EBF-80A9-454C-8DAB-E2093D797E83}
	EndGlobalSection
EndGlobal
